// !$*UTF8*$!
{
	archiveVersion = 1;
	classes = {
	};
	objectVersion = 56;
	objects = {

/* Begin PBXBuildFile section */
		AC5270162BDF4EA200159D0B /* Kingfisher in Frameworks */ = {isa = PBXBuildFile; productRef = AC5270152BDF4EA200159D0B /* Kingfisher */; };
		AC6A00B22BDA37EB0064217A /* StockApp.swift in Sources */ = {isa = PBXBuildFile; fileRef = AC6A00B12BDA37EB0064217A /* StockApp.swift */; };
		AC6A00B42BDA37EB0064217A /* ContentView.swift in Sources */ = {isa = PBXBuildFile; fileRef = AC6A00B32BDA37EB0064217A /* ContentView.swift */; };
		AC6A00B62BDA37EC0064217A /* Assets.xcassets in Resources */ = {isa = PBXBuildFile; fileRef = AC6A00B52BDA37EC0064217A /* Assets.xcassets */; };
		AC6A00B92BDA37EC0064217A /* Preview Assets.xcassets in Resources */ = {isa = PBXBuildFile; fileRef = AC6A00B82BDA37EC0064217A /* Preview Assets.xcassets */; };
		AC6A00C12BDA382A0064217A /* Home.swift in Sources */ = {isa = PBXBuildFile; fileRef = AC6A00C02BDA382A0064217A /* Home.swift */; };
		AC6F286E2BDB778B00B00142 /* WalletData.swift in Sources */ = {isa = PBXBuildFile; fileRef = AC6F286D2BDB778B00B00142 /* WalletData.swift */; };
		AC6F28712BDC4D2100B00142 /* Alamofire in Frameworks */ = {isa = PBXBuildFile; productRef = AC6F28702BDC4D2100B00142 /* Alamofire */; };
		AC6F28732BDC4D2100B00142 /* AlamofireDynamic in Frameworks */ = {isa = PBXBuildFile; productRef = AC6F28722BDC4D2100B00142 /* AlamofireDynamic */; };
		AC6F28752BDC4DB400B00142 /* WalletViewModel.swift in Sources */ = {isa = PBXBuildFile; fileRef = AC6F28742BDC4DB400B00142 /* WalletViewModel.swift */; };
		AC6F28772BDC6B2D00B00142 /* Constants.swift in Sources */ = {isa = PBXBuildFile; fileRef = AC6F28762BDC6B2D00B00142 /* Constants.swift */; };
		AC6F28792BDC810E00B00142 /* PortfolioData.swift in Sources */ = {isa = PBXBuildFile; fileRef = AC6F28782BDC810E00B00142 /* PortfolioData.swift */; };
		AC6F287B2BDC841F00B00142 /* PortfolioItem.swift in Sources */ = {isa = PBXBuildFile; fileRef = AC6F287A2BDC841F00B00142 /* PortfolioItem.swift */; };
		AC6F287D2BDC8A2200B00142 /* PortfolioViewModel.swift in Sources */ = {isa = PBXBuildFile; fileRef = AC6F287C2BDC8A2200B00142 /* PortfolioViewModel.swift */; };
		AC6F287F2BDDA67200B00142 /* WatchlistData.swift in Sources */ = {isa = PBXBuildFile; fileRef = AC6F287E2BDDA67200B00142 /* WatchlistData.swift */; };
		AC6F28812BDDA6FE00B00142 /* WatchlistItem.swift in Sources */ = {isa = PBXBuildFile; fileRef = AC6F28802BDDA6FE00B00142 /* WatchlistItem.swift */; };
		AC6F28832BDDA82600B00142 /* WatchlistViewModel.swift in Sources */ = {isa = PBXBuildFile; fileRef = AC6F28822BDDA82600B00142 /* WatchlistViewModel.swift */; };
		AC6F28852BDDBA6A00B00142 /* PortfolioView.swift in Sources */ = {isa = PBXBuildFile; fileRef = AC6F28842BDDBA6A00B00142 /* PortfolioView.swift */; };
		AC6F288B2BDDDC3600B00142 /* StockView.swift in Sources */ = {isa = PBXBuildFile; fileRef = AC6F288A2BDDDC3600B00142 /* StockView.swift */; };
		AC6F288D2BDDDD7700B00142 /* StockData.swift in Sources */ = {isa = PBXBuildFile; fileRef = AC6F288C2BDDDD7700B00142 /* StockData.swift */; };
		AC6F28902BDDDDF900B00142 /* Stock.swift in Sources */ = {isa = PBXBuildFile; fileRef = AC6F288F2BDDDDF900B00142 /* Stock.swift */; };
		AC6F28932BDDE07300B00142 /* StockViewModel.swift in Sources */ = {isa = PBXBuildFile; fileRef = AC6F28922BDDE07300B00142 /* StockViewModel.swift */; };
		AC6F28952BDE2C7F00B00142 /* HourlyChart.swift in Sources */ = {isa = PBXBuildFile; fileRef = AC6F28942BDE2C7F00B00142 /* HourlyChart.swift */; };
		AC6F289C2BDED7A400B00142 /* website in Resources */ = {isa = PBXBuildFile; fileRef = AC6F289B2BDED7A400B00142 /* website */; };
		AC6F289E2BDEEC0E00B00142 /* HistoricalChart.swift in Sources */ = {isa = PBXBuildFile; fileRef = AC6F289D2BDEEC0E00B00142 /* HistoricalChart.swift */; };
/* End PBXBuildFile section */

/* Begin PBXFileReference section */
		AC6A00AE2BDA37EB0064217A /* Stock.app */ = {isa = PBXFileReference; explicitFileType = wrapper.application; includeInIndex = 0; path = Stock.app; sourceTree = BUILT_PRODUCTS_DIR; };
		AC6A00B12BDA37EB0064217A /* StockApp.swift */ = {isa = PBXFileReference; lastKnownFileType = sourcecode.swift; path = StockApp.swift; sourceTree = "<group>"; };
		AC6A00B32BDA37EB0064217A /* ContentView.swift */ = {isa = PBXFileReference; lastKnownFileType = sourcecode.swift; path = ContentView.swift; sourceTree = "<group>"; };
		AC6A00B52BDA37EC0064217A /* Assets.xcassets */ = {isa = PBXFileReference; lastKnownFileType = folder.assetcatalog; path = Assets.xcassets; sourceTree = "<group>"; };
		AC6A00B82BDA37EC0064217A /* Preview Assets.xcassets */ = {isa = PBXFileReference; lastKnownFileType = folder.assetcatalog; path = "Preview Assets.xcassets"; sourceTree = "<group>"; };
		AC6A00C02BDA382A0064217A /* Home.swift */ = {isa = PBXFileReference; lastKnownFileType = sourcecode.swift; path = Home.swift; sourceTree = "<group>"; };
		AC6F286D2BDB778B00B00142 /* WalletData.swift */ = {isa = PBXFileReference; lastKnownFileType = sourcecode.swift; path = WalletData.swift; sourceTree = "<group>"; };
		AC6F28742BDC4DB400B00142 /* WalletViewModel.swift */ = {isa = PBXFileReference; lastKnownFileType = sourcecode.swift; path = WalletViewModel.swift; sourceTree = "<group>"; };
		AC6F28762BDC6B2D00B00142 /* Constants.swift */ = {isa = PBXFileReference; lastKnownFileType = sourcecode.swift; path = Constants.swift; sourceTree = "<group>"; };
		AC6F28782BDC810E00B00142 /* PortfolioData.swift */ = {isa = PBXFileReference; lastKnownFileType = sourcecode.swift; path = PortfolioData.swift; sourceTree = "<group>"; };
		AC6F287A2BDC841F00B00142 /* PortfolioItem.swift */ = {isa = PBXFileReference; lastKnownFileType = sourcecode.swift; path = PortfolioItem.swift; sourceTree = "<group>"; };
		AC6F287C2BDC8A2200B00142 /* PortfolioViewModel.swift */ = {isa = PBXFileReference; lastKnownFileType = sourcecode.swift; path = PortfolioViewModel.swift; sourceTree = "<group>"; };
		AC6F287E2BDDA67200B00142 /* WatchlistData.swift */ = {isa = PBXFileReference; lastKnownFileType = sourcecode.swift; path = WatchlistData.swift; sourceTree = "<group>"; };
		AC6F28802BDDA6FE00B00142 /* WatchlistItem.swift */ = {isa = PBXFileReference; lastKnownFileType = sourcecode.swift; path = WatchlistItem.swift; sourceTree = "<group>"; };
		AC6F28822BDDA82600B00142 /* WatchlistViewModel.swift */ = {isa = PBXFileReference; lastKnownFileType = sourcecode.swift; path = WatchlistViewModel.swift; sourceTree = "<group>"; };
		AC6F28842BDDBA6A00B00142 /* PortfolioView.swift */ = {isa = PBXFileReference; lastKnownFileType = sourcecode.swift; path = PortfolioView.swift; sourceTree = "<group>"; };
		AC6F288A2BDDDC3600B00142 /* StockView.swift */ = {isa = PBXFileReference; lastKnownFileType = sourcecode.swift; path = StockView.swift; sourceTree = "<group>"; };
		AC6F288C2BDDDD7700B00142 /* StockData.swift */ = {isa = PBXFileReference; lastKnownFileType = sourcecode.swift; path = StockData.swift; sourceTree = "<group>"; };
		AC6F288F2BDDDDF900B00142 /* Stock.swift */ = {isa = PBXFileReference; lastKnownFileType = sourcecode.swift; path = Stock.swift; sourceTree = "<group>"; };
		AC6F28922BDDE07300B00142 /* StockViewModel.swift */ = {isa = PBXFileReference; lastKnownFileType = sourcecode.swift; path = StockViewModel.swift; sourceTree = "<group>"; };
		AC6F28942BDE2C7F00B00142 /* HourlyChart.swift */ = {isa = PBXFileReference; lastKnownFileType = sourcecode.swift; path = HourlyChart.swift; sourceTree = "<group>"; };
		AC6F289B2BDED7A400B00142 /* website */ = {isa = PBXFileReference; lastKnownFileType = folder; path = website; sourceTree = "<group>"; };
		AC6F289D2BDEEC0E00B00142 /* HistoricalChart.swift */ = {isa = PBXFileReference; lastKnownFileType = sourcecode.swift; path = HistoricalChart.swift; sourceTree = "<group>"; };
/* End PBXFileReference section */

/* Begin PBXFrameworksBuildPhase section */
		AC6A00AB2BDA37EB0064217A /* Frameworks */ = {
			isa = PBXFrameworksBuildPhase;
			buildActionMask = 2147483647;
			files = (
				AC5270162BDF4EA200159D0B /* Kingfisher in Frameworks */,
				AC6F28712BDC4D2100B00142 /* Alamofire in Frameworks */,
				AC6F28732BDC4D2100B00142 /* AlamofireDynamic in Frameworks */,
			);
			runOnlyForDeploymentPostprocessing = 0;
		};
/* End PBXFrameworksBuildPhase section */

/* Begin PBXGroup section */
		AC6A00A52BDA37EB0064217A = {
			isa = PBXGroup;
			children = (
				AC6F289B2BDED7A400B00142 /* website */,
				AC6A00B02BDA37EB0064217A /* Stock */,
				AC6A00AF2BDA37EB0064217A /* Products */,
			);
			sourceTree = "<group>";
		};
		AC6A00AF2BDA37EB0064217A /* Products */ = {
			isa = PBXGroup;
			children = (
				AC6A00AE2BDA37EB0064217A /* Stock.app */,
			);
			name = Products;
			sourceTree = "<group>";
		};
		AC6A00B02BDA37EB0064217A /* Stock */ = {
			isa = PBXGroup;
			children = (
				AC6F28912BDDE04D00B00142 /* ViewModels */,
				AC6F28762BDC6B2D00B00142 /* Constants.swift */,
				AC6F288E2BDDDDC700B00142 /* Controllers */,
				AC6F286C2BDB776500B00142 /* Model */,
				AC6A00BF2BDA380E0064217A /* Views */,
				AC6A00B12BDA37EB0064217A /* StockApp.swift */,
				AC6A00B32BDA37EB0064217A /* ContentView.swift */,
				AC6A00B52BDA37EC0064217A /* Assets.xcassets */,
				AC6A00B72BDA37EC0064217A /* Preview Content */,
			);
			path = Stock;
			sourceTree = "<group>";
		};
		AC6A00B72BDA37EC0064217A /* Preview Content */ = {
			isa = PBXGroup;
			children = (
				AC6A00B82BDA37EC0064217A /* Preview Assets.xcassets */,
			);
			path = "Preview Content";
			sourceTree = "<group>";
		};
		AC6A00BF2BDA380E0064217A /* Views */ = {
			isa = PBXGroup;
			children = (
				AC6A00C02BDA382A0064217A /* Home.swift */,
				AC6F28842BDDBA6A00B00142 /* PortfolioView.swift */,
				AC6F288A2BDDDC3600B00142 /* StockView.swift */,
				AC6F28942BDE2C7F00B00142 /* HourlyChart.swift */,
				AC6F289D2BDEEC0E00B00142 /* HistoricalChart.swift */,
			);
			path = Views;
			sourceTree = "<group>";
		};
		AC6F286C2BDB776500B00142 /* Model */ = {
			isa = PBXGroup;
			children = (
				AC6F28802BDDA6FE00B00142 /* WatchlistItem.swift */,
				AC6F288F2BDDDDF900B00142 /* Stock.swift */,
				AC6F287A2BDC841F00B00142 /* PortfolioItem.swift */,
			);
			path = Model;
			sourceTree = "<group>";
		};
		AC6F288E2BDDDDC700B00142 /* Controllers */ = {
			isa = PBXGroup;
			children = (
				AC6F288C2BDDDD7700B00142 /* StockData.swift */,
				AC6F286D2BDB778B00B00142 /* WalletData.swift */,
				AC6F28782BDC810E00B00142 /* PortfolioData.swift */,
				AC6F287E2BDDA67200B00142 /* WatchlistData.swift */,
			);
			path = Controllers;
			sourceTree = "<group>";
		};
		AC6F28912BDDE04D00B00142 /* ViewModels */ = {
			isa = PBXGroup;
			children = (
				AC6F28742BDC4DB400B00142 /* WalletViewModel.swift */,
				AC6F287C2BDC8A2200B00142 /* PortfolioViewModel.swift */,
				AC6F28822BDDA82600B00142 /* WatchlistViewModel.swift */,
				AC6F28922BDDE07300B00142 /* StockViewModel.swift */,
			);
			path = ViewModels;
			sourceTree = "<group>";
		};
/* End PBXGroup section */

/* Begin PBXNativeTarget section */
		AC6A00AD2BDA37EB0064217A /* Stock */ = {
			isa = PBXNativeTarget;
			buildConfigurationList = AC6A00BC2BDA37EC0064217A /* Build configuration list for PBXNativeTarget "Stock" */;
			buildPhases = (
				AC6A00AA2BDA37EB0064217A /* Sources */,
				AC6A00AB2BDA37EB0064217A /* Frameworks */,
				AC6A00AC2BDA37EB0064217A /* Resources */,
			);
			buildRules = (
			);
			dependencies = (
			);
			name = Stock;
			packageProductDependencies = (
				AC6F28702BDC4D2100B00142 /* Alamofire */,
				AC6F28722BDC4D2100B00142 /* AlamofireDynamic */,
				AC5270152BDF4EA200159D0B /* Kingfisher */,
			);
			productName = Stock;
			productReference = AC6A00AE2BDA37EB0064217A /* Stock.app */;
			productType = "com.apple.product-type.application";
		};
/* End PBXNativeTarget section */

/* Begin PBXProject section */
		AC6A00A62BDA37EB0064217A /* Project object */ = {
			isa = PBXProject;
			attributes = {
				BuildIndependentTargetsInParallel = 1;
				LastSwiftUpdateCheck = 1530;
				LastUpgradeCheck = 1530;
				TargetAttributes = {
					AC6A00AD2BDA37EB0064217A = {
						CreatedOnToolsVersion = 15.3;
					};
				};
			};
			buildConfigurationList = AC6A00A92BDA37EB0064217A /* Build configuration list for PBXProject "Stock" */;
			compatibilityVersion = "Xcode 14.0";
			developmentRegion = en;
			hasScannedForEncodings = 0;
			knownRegions = (
				en,
				Base,
			);
			mainGroup = AC6A00A52BDA37EB0064217A;
			packageReferences = (
				AC6F286F2BDC4D2100B00142 /* XCRemoteSwiftPackageReference "Alamofire" */,
				AC5270142BDF4EA200159D0B /* XCRemoteSwiftPackageReference "Kingfisher" */,
			);
			productRefGroup = AC6A00AF2BDA37EB0064217A /* Products */;
			projectDirPath = "";
			projectRoot = "";
			targets = (
				AC6A00AD2BDA37EB0064217A /* Stock */,
			);
		};
/* End PBXProject section */

/* Begin PBXResourcesBuildPhase section */
		AC6A00AC2BDA37EB0064217A /* Resources */ = {
			isa = PBXResourcesBuildPhase;
			buildActionMask = 2147483647;
			files = (
				AC6F289C2BDED7A400B00142 /* website in Resources */,
				AC6A00B92BDA37EC0064217A /* Preview Assets.xcassets in Resources */,
				AC6A00B62BDA37EC0064217A /* Assets.xcassets in Resources */,
			);
			runOnlyForDeploymentPostprocessing = 0;
		};
/* End PBXResourcesBuildPhase section */

/* Begin PBXSourcesBuildPhase section */
		AC6A00AA2BDA37EB0064217A /* Sources */ = {
			isa = PBXSourcesBuildPhase;
			buildActionMask = 2147483647;
			files = (
				AC6A00B42BDA37EB0064217A /* ContentView.swift in Sources */,
				AC6A00C12BDA382A0064217A /* Home.swift in Sources */,
				AC6F28832BDDA82600B00142 /* WatchlistViewModel.swift in Sources */,
				AC6F287D2BDC8A2200B00142 /* PortfolioViewModel.swift in Sources */,
				AC6F28752BDC4DB400B00142 /* WalletViewModel.swift in Sources */,
				AC6F287B2BDC841F00B00142 /* PortfolioItem.swift in Sources */,
				AC6F287F2BDDA67200B00142 /* WatchlistData.swift in Sources */,
				AC6F28792BDC810E00B00142 /* PortfolioData.swift in Sources */,
				AC6F288D2BDDDD7700B00142 /* StockData.swift in Sources */,
				AC6F286E2BDB778B00B00142 /* WalletData.swift in Sources */,
				AC6F28902BDDDDF900B00142 /* Stock.swift in Sources */,
				AC6F28932BDDE07300B00142 /* StockViewModel.swift in Sources */,
				AC6F288B2BDDDC3600B00142 /* StockView.swift in Sources */,
				AC6F28952BDE2C7F00B00142 /* HourlyChart.swift in Sources */,
				AC6A00B22BDA37EB0064217A /* StockApp.swift in Sources */,
				AC6F28772BDC6B2D00B00142 /* Constants.swift in Sources */,
				AC6F289E2BDEEC0E00B00142 /* HistoricalChart.swift in Sources */,
				AC6F28812BDDA6FE00B00142 /* WatchlistItem.swift in Sources */,
				AC6F28852BDDBA6A00B00142 /* PortfolioView.swift in Sources */,
			);
			runOnlyForDeploymentPostprocessing = 0;
		};
/* End PBXSourcesBuildPhase section */

/* Begin XCBuildConfiguration section */
		AC6A00BA2BDA37EC0064217A /* Debug */ = {
			isa = XCBuildConfiguration;
			buildSettings = {
				ALWAYS_SEARCH_USER_PATHS = NO;
				ASSETCATALOG_COMPILER_GENERATE_SWIFT_ASSET_SYMBOL_EXTENSIONS = YES;
				CLANG_ANALYZER_NONNULL = YES;
				CLANG_ANALYZER_NUMBER_OBJECT_CONVERSION = YES_AGGRESSIVE;
				CLANG_CXX_LANGUAGE_STANDARD = "gnu++20";
				CLANG_ENABLE_MODULES = YES;
				CLANG_ENABLE_OBJC_ARC = YES;
				CLANG_ENABLE_OBJC_WEAK = YES;
				CLANG_WARN_BLOCK_CAPTURE_AUTORELEASING = YES;
				CLANG_WARN_BOOL_CONVERSION = YES;
				CLANG_WARN_COMMA = YES;
				CLANG_WARN_CONSTANT_CONVERSION = YES;
				CLANG_WARN_DEPRECATED_OBJC_IMPLEMENTATIONS = YES;
				CLANG_WARN_DIRECT_OBJC_ISA_USAGE = YES_ERROR;
				CLANG_WARN_DOCUMENTATION_COMMENTS = YES;
				CLANG_WARN_EMPTY_BODY = YES;
				CLANG_WARN_ENUM_CONVERSION = YES;
				CLANG_WARN_INFINITE_RECURSION = YES;
				CLANG_WARN_INT_CONVERSION = YES;
				CLANG_WARN_NON_LITERAL_NULL_CONVERSION = YES;
				CLANG_WARN_OBJC_IMPLICIT_RETAIN_SELF = YES;
				CLANG_WARN_OBJC_LITERAL_CONVERSION = YES;
				CLANG_WARN_OBJC_ROOT_CLASS = YES_ERROR;
				CLANG_WARN_QUOTED_INCLUDE_IN_FRAMEWORK_HEADER = YES;
				CLANG_WARN_RANGE_LOOP_ANALYSIS = YES;
				CLANG_WARN_STRICT_PROTOTYPES = YES;
				CLANG_WARN_SUSPICIOUS_MOVE = YES;
				CLANG_WARN_UNGUARDED_AVAILABILITY = YES_AGGRESSIVE;
				CLANG_WARN_UNREACHABLE_CODE = YES;
				CLANG_WARN__DUPLICATE_METHOD_MATCH = YES;
				COPY_PHASE_STRIP = NO;
				DEBUG_INFORMATION_FORMAT = dwarf;
				ENABLE_STRICT_OBJC_MSGSEND = YES;
				ENABLE_TESTABILITY = YES;
				ENABLE_USER_SCRIPT_SANDBOXING = YES;
				GCC_C_LANGUAGE_STANDARD = gnu17;
				GCC_DYNAMIC_NO_PIC = NO;
				GCC_NO_COMMON_BLOCKS = YES;
				GCC_OPTIMIZATION_LEVEL = 0;
				GCC_PREPROCESSOR_DEFINITIONS = (
					"DEBUG=1",
					"$(inherited)",
				);
				GCC_WARN_64_TO_32_BIT_CONVERSION = YES;
				GCC_WARN_ABOUT_RETURN_TYPE = YES_ERROR;
				GCC_WARN_UNDECLARED_SELECTOR = YES;
				GCC_WARN_UNINITIALIZED_AUTOS = YES_AGGRESSIVE;
				GCC_WARN_UNUSED_FUNCTION = YES;
				GCC_WARN_UNUSED_VARIABLE = YES;
				IPHONEOS_DEPLOYMENT_TARGET = 17.4;
				LOCALIZATION_PREFERS_STRING_CATALOGS = YES;
				MTL_ENABLE_DEBUG_INFO = INCLUDE_SOURCE;
				MTL_FAST_MATH = YES;
				ONLY_ACTIVE_ARCH = YES;
				SDKROOT = iphoneos;
				SWIFT_ACTIVE_COMPILATION_CONDITIONS = "DEBUG $(inherited)";
				SWIFT_OPTIMIZATION_LEVEL = "-Onone";
			};
			name = Debug;
		};
		AC6A00BB2BDA37EC0064217A /* Release */ = {
			isa = XCBuildConfiguration;
			buildSettings = {
				ALWAYS_SEARCH_USER_PATHS = NO;
				ASSETCATALOG_COMPILER_GENERATE_SWIFT_ASSET_SYMBOL_EXTENSIONS = YES;
				CLANG_ANALYZER_NONNULL = YES;
				CLANG_ANALYZER_NUMBER_OBJECT_CONVERSION = YES_AGGRESSIVE;
				CLANG_CXX_LANGUAGE_STANDARD = "gnu++20";
				CLANG_ENABLE_MODULES = YES;
				CLANG_ENABLE_OBJC_ARC = YES;
				CLANG_ENABLE_OBJC_WEAK = YES;
				CLANG_WARN_BLOCK_CAPTURE_AUTORELEASING = YES;
				CLANG_WARN_BOOL_CONVERSION = YES;
				CLANG_WARN_COMMA = YES;
				CLANG_WARN_CONSTANT_CONVERSION = YES;
				CLANG_WARN_DEPRECATED_OBJC_IMPLEMENTATIONS = YES;
				CLANG_WARN_DIRECT_OBJC_ISA_USAGE = YES_ERROR;
				CLANG_WARN_DOCUMENTATION_COMMENTS = YES;
				CLANG_WARN_EMPTY_BODY = YES;
				CLANG_WARN_ENUM_CONVERSION = YES;
				CLANG_WARN_INFINITE_RECURSION = YES;
				CLANG_WARN_INT_CONVERSION = YES;
				CLANG_WARN_NON_LITERAL_NULL_CONVERSION = YES;
				CLANG_WARN_OBJC_IMPLICIT_RETAIN_SELF = YES;
				CLANG_WARN_OBJC_LITERAL_CONVERSION = YES;
				CLANG_WARN_OBJC_ROOT_CLASS = YES_ERROR;
				CLANG_WARN_QUOTED_INCLUDE_IN_FRAMEWORK_HEADER = YES;
				CLANG_WARN_RANGE_LOOP_ANALYSIS = YES;
				CLANG_WARN_STRICT_PROTOTYPES = YES;
				CLANG_WARN_SUSPICIOUS_MOVE = YES;
				CLANG_WARN_UNGUARDED_AVAILABILITY = YES_AGGRESSIVE;
				CLANG_WARN_UNREACHABLE_CODE = YES;
				CLANG_WARN__DUPLICATE_METHOD_MATCH = YES;
				COPY_PHASE_STRIP = NO;
				DEBUG_INFORMATION_FORMAT = "dwarf-with-dsym";
				ENABLE_NS_ASSERTIONS = NO;
				ENABLE_STRICT_OBJC_MSGSEND = YES;
				ENABLE_USER_SCRIPT_SANDBOXING = YES;
				GCC_C_LANGUAGE_STANDARD = gnu17;
				GCC_NO_COMMON_BLOCKS = YES;
				GCC_WARN_64_TO_32_BIT_CONVERSION = YES;
				GCC_WARN_ABOUT_RETURN_TYPE = YES_ERROR;
				GCC_WARN_UNDECLARED_SELECTOR = YES;
				GCC_WARN_UNINITIALIZED_AUTOS = YES_AGGRESSIVE;
				GCC_WARN_UNUSED_FUNCTION = YES;
				GCC_WARN_UNUSED_VARIABLE = YES;
				IPHONEOS_DEPLOYMENT_TARGET = 17.4;
				LOCALIZATION_PREFERS_STRING_CATALOGS = YES;
				MTL_ENABLE_DEBUG_INFO = NO;
				MTL_FAST_MATH = YES;
				SDKROOT = iphoneos;
				SWIFT_COMPILATION_MODE = wholemodule;
				VALIDATE_PRODUCT = YES;
			};
			name = Release;
		};
		AC6A00BD2BDA37EC0064217A /* Debug */ = {
			isa = XCBuildConfiguration;
			buildSettings = {
				ASSETCATALOG_COMPILER_APPICON_NAME = AppIcon;
				ASSETCATALOG_COMPILER_GLOBAL_ACCENT_COLOR_NAME = AccentColor;
				CODE_SIGN_STYLE = Automatic;
				CURRENT_PROJECT_VERSION = 1;
				DEVELOPMENT_ASSET_PATHS = "\"Stock/Preview Content\"";
				ENABLE_PREVIEWS = YES;
				GENERATE_INFOPLIST_FILE = YES;
				INFOPLIST_KEY_UIApplicationSceneManifest_Generation = YES;
				INFOPLIST_KEY_UIApplicationSupportsIndirectInputEvents = YES;
				INFOPLIST_KEY_UILaunchScreen_Generation = YES;
				INFOPLIST_KEY_UISupportedInterfaceOrientations_iPad = "UIInterfaceOrientationPortrait UIInterfaceOrientationPortraitUpsideDown UIInterfaceOrientationLandscapeLeft UIInterfaceOrientationLandscapeRight";
				INFOPLIST_KEY_UISupportedInterfaceOrientations_iPhone = "UIInterfaceOrientationPortrait UIInterfaceOrientationLandscapeLeft UIInterfaceOrientationLandscapeRight";
				LD_RUNPATH_SEARCH_PATHS = (
					"$(inherited)",
					"@executable_path/Frameworks",
				);
				MARKETING_VERSION = 1.0;
				PRODUCT_BUNDLE_IDENTIFIER = naishadh.Stock;
				PRODUCT_NAME = "$(TARGET_NAME)";
				SWIFT_EMIT_LOC_STRINGS = YES;
				SWIFT_VERSION = 5.0;
				TARGETED_DEVICE_FAMILY = "1,2";
			};
			name = Debug;
		};
		AC6A00BE2BDA37EC0064217A /* Release */ = {
			isa = XCBuildConfiguration;
			buildSettings = {
				ASSETCATALOG_COMPILER_APPICON_NAME = AppIcon;
				ASSETCATALOG_COMPILER_GLOBAL_ACCENT_COLOR_NAME = AccentColor;
				CODE_SIGN_STYLE = Automatic;
				CURRENT_PROJECT_VERSION = 1;
				DEVELOPMENT_ASSET_PATHS = "\"Stock/Preview Content\"";
				ENABLE_PREVIEWS = YES;
				GENERATE_INFOPLIST_FILE = YES;
				INFOPLIST_KEY_UIApplicationSceneManifest_Generation = YES;
				INFOPLIST_KEY_UIApplicationSupportsIndirectInputEvents = YES;
				INFOPLIST_KEY_UILaunchScreen_Generation = YES;
				INFOPLIST_KEY_UISupportedInterfaceOrientations_iPad = "UIInterfaceOrientationPortrait UIInterfaceOrientationPortraitUpsideDown UIInterfaceOrientationLandscapeLeft UIInterfaceOrientationLandscapeRight";
				INFOPLIST_KEY_UISupportedInterfaceOrientations_iPhone = "UIInterfaceOrientationPortrait UIInterfaceOrientationLandscapeLeft UIInterfaceOrientationLandscapeRight";
				LD_RUNPATH_SEARCH_PATHS = (
					"$(inherited)",
					"@executable_path/Frameworks",
				);
				MARKETING_VERSION = 1.0;
				PRODUCT_BUNDLE_IDENTIFIER = naishadh.Stock;
				PRODUCT_NAME = "$(TARGET_NAME)";
				SWIFT_EMIT_LOC_STRINGS = YES;
				SWIFT_VERSION = 5.0;
				TARGETED_DEVICE_FAMILY = "1,2";
			};
			name = Release;
		};
/* End XCBuildConfiguration section */

/* Begin XCConfigurationList section */
		AC6A00A92BDA37EB0064217A /* Build configuration list for PBXProject "Stock" */ = {
			isa = XCConfigurationList;
			buildConfigurations = (
				AC6A00BA2BDA37EC0064217A /* Debug */,
				AC6A00BB2BDA37EC0064217A /* Release */,
			);
			defaultConfigurationIsVisible = 0;
			defaultConfigurationName = Release;
		};
		AC6A00BC2BDA37EC0064217A /* Build configuration list for PBXNativeTarget "Stock" */ = {
			isa = XCConfigurationList;
			buildConfigurations = (
				AC6A00BD2BDA37EC0064217A /* Debug */,
				AC6A00BE2BDA37EC0064217A /* Release */,
			);
			defaultConfigurationIsVisible = 0;
			defaultConfigurationName = Release;
		};
/* End XCConfigurationList section */

/* Begin XCRemoteSwiftPackageReference section */
		AC5270142BDF4EA200159D0B /* XCRemoteSwiftPackageReference "Kingfisher" */ = {
			isa = XCRemoteSwiftPackageReference;
			repositoryURL = "https://github.com/onevcat/Kingfisher.git";
			requirement = {
				kind = upToNextMajorVersion;
				minimumVersion = 7.11.0;
			};
		};
		AC6F286F2BDC4D2100B00142 /* XCRemoteSwiftPackageReference "Alamofire" */ = {
			isa = XCRemoteSwiftPackageReference;
			repositoryURL = "https://github.com/Alamofire/Alamofire.git";
			requirement = {
				kind = upToNextMajorVersion;
				minimumVersion = 5.9.1;
			};
		};
/* End XCRemoteSwiftPackageReference section */

/* Begin XCSwiftPackageProductDependency section */
		AC5270152BDF4EA200159D0B /* Kingfisher */ = {
			isa = XCSwiftPackageProductDependency;
			package = AC5270142BDF4EA200159D0B /* XCRemoteSwiftPackageReference "Kingfisher" */;
			productName = Kingfisher;
		};
		AC6F28702BDC4D2100B00142 /* Alamofire */ = {
			isa = XCSwiftPackageProductDependency;
			package = AC6F286F2BDC4D2100B00142 /* XCRemoteSwiftPackageReference "Alamofire" */;
			productName = Alamofire;
		};
		AC6F28722BDC4D2100B00142 /* AlamofireDynamic */ = {
			isa = XCSwiftPackageProductDependency;
			package = AC6F286F2BDC4D2100B00142 /* XCRemoteSwiftPackageReference "Alamofire" */;
			productName = AlamofireDynamic;
		};
/* End XCSwiftPackageProductDependency section */
	};
	rootObject = AC6A00A62BDA37EB0064217A /* Project object */;
}
